{
  "_TODO": "This root-level package-lock.json is empty and serves no purpose. There is no corresponding package.json at the root. The actual frontend lockfile is at web/frontend/package-lock.json. This file may have been created accidentally (e.g., running 'npm install' in the root). Consider deleting it to avoid confusion.",
  "name": "Media-Server-Pro-4",
  "lockfileVersion": 3,
  "requires": true,
  "packages": {}
}
